
Microsoft Visual Studio Solution File, Format Version 12.00
# Visual Studio Version 17
VisualStudioVersion = 17.6.33829.357
MinimumVisualStudioVersion = 10.0.40219.1
Project("{FAE04EC0-301F-11D3-BF4B-00C04F79EFBC}") = "OpcUaClient", "OpcUaClient.csproj", "{B0C942F1-8EBE-4B14-8C2D-A22FEE7FF218}"
EndProject
Project("{FAE04EC0-301F-11D3-BF4B-00C04F79EFBC}") = "OpcUaLibrary", "OpcUaLibrary\OpcUaLibrary.csproj", "{C975C837-BDB1-40F4-9CA5-4343BF5A407D}"
EndProject
Global
	GlobalSection(SolutionConfigurationPlatforms) = preSolution
		Debug|Any CPU = Debug|Any CPU
		Release|Any CPU = Release|Any CPU
	EndGlobalSection
	GlobalSection(ProjectConfigurationPlatforms) = postSolution
		{B0C942F1-8EBE-4B14-8C2D-A22FEE7FF218}.Debug|Any CPU.ActiveCfg = Debug|Any CPU
		{B0C942F1-8EBE-4B14-8C2D-A22FEE7FF218}.Debug|Any CPU.Build.0 = Debug|Any CPU
		{B0C942F1-8EBE-4B14-8C2D-A22FEE7FF218}.Release|Any CPU.ActiveCfg = Release|Any CPU
		{B0C942F1-8EBE-4B14-8C2D-A22FEE7FF218}.Release|Any CPU.Build.0 = Release|Any CPU
		{C975C837-BDB1-40F4-9CA5-4343BF5A407D}.Debug|Any CPU.ActiveCfg = Debug|Any CPU
		{C975C837-BDB1-40F4-9CA5-4343BF5A407D}.Debug|Any CPU.Build.0 = Debug|Any CPU
		{C975C837-BDB1-40F4-9CA5-4343BF5A407D}.Release|Any CPU.ActiveCfg = Release|Any CPU
		{C975C837-BDB1-40F4-9CA5-4343BF5A407D}.Release|Any CPU.Build.0 = Release|Any CPU
	EndGlobalSection
	GlobalSection(SolutionProperties) = preSolution
		HideSolutionNode = FALSE
	EndGlobalSection
	GlobalSection(ExtensibilityGlobals) = postSolution
		SolutionGuid = {D04F13B3-67D5-4A3C-B405-840CF96D1752}
	EndGlobalSection
EndGlobal
